
Microsoft Visual Studio Solution File, Format Version 12.00
# Visual Studio Version 17
VisualStudioVersion = 17.9.34622.214
MinimumVisualStudioVersion = 10.0.40219.1
Project("{FAE04EC0-301F-11D3-BF4B-00C04F79EFBC}") = "TrabalhoApi", "TrabalhoApi\TrabalhoApi.csproj", "{FD922EF4-0E61-4EFD-88B1-FC6469029751}"
EndProject
Global
	GlobalSection(SolutionConfigurationPlatforms) = preSolution
		Debug|Any CPU = Debug|Any CPU
		Release|Any CPU = Release|Any CPU
	EndGlobalSection
	GlobalSection(ProjectConfigurationPlatforms) = postSolution
		{FD922EF4-0E61-4EFD-88B1-FC6469029751}.Debug|Any CPU.ActiveCfg = Debug|Any CPU
		{FD922EF4-0E61-4EFD-88B1-FC6469029751}.Debug|Any CPU.Build.0 = Debug|Any CPU
		{FD922EF4-0E61-4EFD-88B1-FC6469029751}.Release|Any CPU.ActiveCfg = Release|Any CPU
		{FD922EF4-0E61-4EFD-88B1-FC6469029751}.Release|Any CPU.Build.0 = Release|Any CPU
	EndGlobalSection
	GlobalSection(SolutionProperties) = preSolution
		HideSolutionNode = FALSE
	EndGlobalSection
	GlobalSection(ExtensibilityGlobals) = postSolution
		SolutionGuid = {32334E46-1BD5-4954-8595-AA42EEC8DD66}
	EndGlobalSection
EndGlobal
